dependencies:
  78/esp-ml307:
    component_hash: 26cac557d258a08b9138186d55b7db193823fe89c6c3cca8f2a9758c4aec1729
    dependencies:
    - name: idf
      require: private
      version: ^5.3
    source:
      registry_url: https://components.espressif.com/
      type: service
    version: 1.7.3
  espressif/button:
    component_hash: 30a3f495c3862d505ce6e41adbbd218b2750e9723ab2151feff00e9fe685b326
    dependencies:
    - name: espressif/cmake_utilities
      registry_url: https://components.espressif.com
      require: private
      version: 0.*
    - name: idf
      require: private
      version: '>=4.0'
    source:
      registry_url: https://components.espressif.com/
      type: service
    version: 3.5.0
  espressif/cmake_utilities:
    component_hash: 351350613ceafba240b761b4ea991e0f231ac7a9f59a9ee901f751bddc0bb18f
    dependencies:
    - name: idf
      require: private
      version: '>=4.1'
    source:
      registry_url: https://components.espressif.com
      type: service
    version: 0.5.3
  idf:
    source:
      type: idf
    version: 5.4.1
direct_dependencies:
- 78/esp-ml307
- espressif/button
- idf
manifest_hash: bc564711cb9a61f49a8b2f62f0cbbe962b29638eb6f2691f721808bd71af68f3
target: esp32s3
version: 2.0.0
